# This file is automatically @generated by Poetry 1.8.0 and should not be changed by hand.

[[package]]
name = "colorama"
version = "0.4.6"
description = "Cross-platform colored terminal text."
optional = false
python-versions = "!=3.0.*,!=3.1.*,!=3.2.*,!=3.3.*,!=3.4.*,!=3.5.*,!=3.6.*,>=2.7"
files = [
    {file = "colorama-0.4.6-py2.py3-none-any.whl", hash = "sha256:4f1d9991f5acc0ca119f9d443620b77f9d6b33703e51011c16baf57afb285fc6"},
    {file = "colorama-0.4.6.tar.gz", hash = "sha256:08695f5cb7ed6e0531a20572697297273c47b8cae5a63ffc6d6ed5c201be6e44"},
]

[[package]]
name = "iniconfig"
version = "2.0.0"
description = "brain-dead simple config-ini parsing"
optional = false
python-versions = ">=3.7"
files = [
    {file = "iniconfig-2.0.0-py3-none-any.whl", hash = "sha256:b6a85871a79d2e3b22d2d1b94ac2824226a63c6b741c88f7ae975f18b6778374"},
    {file = "iniconfig-2.0.0.tar.gz", hash = "sha256:2d91e135bf72d31a410b17c16da610a82cb55f6b0477d1a902134b24a455b8b3"},
]

[[package]]
name = "itermate"
version = "1.0.2"
description = "Iterator-tools for functional programming."
optional = false
python-versions = "*"
files = [
    {file = "itermate-1.0.2-py2-none-any.whl", hash = "sha256:00308991e0fe54465e0e0fbec4d47180b4f6df0f26c1e5d2ce3641e3373f28a0"},
    {file = "itermate-1.0.2.zip", hash = "sha256:5ee758cbb363493156cee7a29effc2b148a1a19d2be3097e92fc824991901e2a"},
]

[[package]]
name = "packaging"
version = "24.1"
description = "Core utilities for Python packages"
optional = false
python-versions = ">=3.8"
files = [
    {file = "packaging-24.1-py3-none-any.whl", hash = "sha256:5b8f2217dbdbd2f7f384c41c628544e6d52f2d0f53c6d0c3ea61aa5d1d7ff124"},
    {file = "packaging-24.1.tar.gz", hash = "sha256:026ed72c8ed3fcce5bf8950572258698927fd1dbda10a5e981cdf0ac37f4f002"},
]

[[package]]
name = "pluggy"
version = "1.5.0"
description = "plugin and hook calling mechanisms for python"
optional = false
python-versions = ">=3.8"
files = [
    {file = "pluggy-1.5.0-py3-none-any.whl", hash = "sha256:44e1ad92c8ca002de6377e165f3e0f1be63266ab4d554740532335b9d75ea669"},
    {file = "pluggy-1.5.0.tar.gz", hash = "sha256:2cffa88e94fdc978c4c574f15f9e59b7f4201d439195c3715ca9e2486f1d0cf1"},
]

[package.extras]
dev = ["pre-commit", "tox"]
testing = ["pytest", "pytest-benchmark"]

[[package]]
name = "pytest"
version = "8.2.2"
description = "pytest: simple powerful testing with Python"
optional = false
python-versions = ">=3.8"
files = [
    {file = "pytest-8.2.2-py3-none-any.whl", hash = "sha256:c434598117762e2bd304e526244f67bf66bbd7b5d6cf22138be51ff661980343"},
    {file = "pytest-8.2.2.tar.gz", hash = "sha256:de4bb8104e201939ccdc688b27a89a7be2079b22e2bd2b07f806b6ba71117977"},
]

[package.dependencies]
colorama = {version = "*", markers = "sys_platform == \"win32\""}
iniconfig = "*"
packaging = "*"
pluggy = ">=1.5,<2.0"

[package.extras]
dev = ["argcomplete", "attrs (>=19.2)", "hypothesis (>=3.56)", "mock", "pygments (>=2.7.2)", "requests", "setuptools", "xmlschema"]

[[package]]
name = "pytest-shell"
version = "0.3.2"
description = "A pytest plugin to help with testing shell scripts / black box commands"
optional = false
python-versions = ">=3.7,<4.0"
files = [
    {file = "pytest-shell-0.3.2.tar.gz", hash = "sha256:7e30cf518a5271328f25eaa9013e1639607f169d7396a4b85204a8b34dacbab1"},
    {file = "pytest_shell-0.3.2-py3-none-any.whl", hash = "sha256:f60716134fc30e2c1fe9facb9fe60121d18b4d7b95e692b2c6f29271350aa12b"},
]

[package.dependencies]
where = ">=1.0.2,<2.0.0"

[[package]]
name = "where"
version = "1.0.2"
description = "Locates absolute file paths like the Windows 'where' or the Linux 'which' utility.\nMakes use of the PATH variable and the current directory."
optional = false
python-versions = "*"
files = [
    {file = "where-1.0.2-py2.py3-none-any.whl", hash = "sha256:66abc8edf95be7516e949d08a771f25acacff708ef481618562ab484fe5bc63e"},
    {file = "where-1.0.2.zip", hash = "sha256:325ef3a492a26189a47819f7375bc146887d39edd36fce132e86514334803fb1"},
]

[package.dependencies]
itermate = "1.0.2"

[metadata]
lock-version = "2.0"
python-versions = "^3.12"
content-hash = "60306942735e6663ad39c8a3bf7b864a5652bb34a3d37f72b74a96c103ec4f03"
